PODS:
  - Kingfisher (7.10.1)
  - ProgressHUD (14.1.1)

DEPENDENCIES:
  - Kingfisher
  - ProgressHUD

SPEC REPOS:
  trunk:
    - Kingfisher
    - ProgressHUD

SPEC CHECKSUMS:
  Kingfisher: bc5abe80a8e0144537ef1dd5a0b2621b04f7f439
  ProgressHUD: abb9136ae23c85204236828562cb9a8ec98efb44

PODFILE CHECKSUM: f1972d5b10129906afd2c256ad51f1808933d497

COCOAPODS: 1.12.1
