// !$*UTF8*$!
{
	archiveVersion = 1;
	classes = {
	};
	objectVersion = 56;
	objects = {

/* Begin PBXBuildFile section */
		632B05F42B21EFE300D364B4 /* UIView+Extension.swift in Sources */ = {isa = PBXBuildFile; fileRef = 632B05F32B21EFE300D364B4 /* UIView+Extension.swift */; };
		632B05F62B21F45D00D364B4 /* OnboardingViewController.swift in Sources */ = {isa = PBXBuildFile; fileRef = 632B05F52B21F45D00D364B4 /* OnboardingViewController.swift */; };
		632B05F92B2262A300D364B4 /* OnBoardingVC2.swift in Sources */ = {isa = PBXBuildFile; fileRef = 632B05F82B2262A300D364B4 /* OnBoardingVC2.swift */; };
		632B05FB2B22634D00D364B4 /* OnBoardingView2.swift in Sources */ = {isa = PBXBuildFile; fileRef = 632B05FA2B22634D00D364B4 /* OnBoardingView2.swift */; };
		632B05FD2B22645700D364B4 /* OnBoarding2CollectionViewCell.swift in Sources */ = {isa = PBXBuildFile; fileRef = 632B05FC2B22645700D364B4 /* OnBoarding2CollectionViewCell.swift */; };
		632B05FF2B22667A00D364B4 /* OnBoarding2CollectionViewCellModel.swift in Sources */ = {isa = PBXBuildFile; fileRef = 632B05FE2B22667A00D364B4 /* OnBoarding2CollectionViewCellModel.swift */; };
		632B06012B22DBD800D364B4 /* OnBoardingView2ViewModel.swift in Sources */ = {isa = PBXBuildFile; fileRef = 632B06002B22DBD800D364B4 /* OnBoardingView2ViewModel.swift */; };
		634A76A02AFBAE4100636975 /* AppDelegate.swift in Sources */ = {isa = PBXBuildFile; fileRef = 634A769F2AFBAE4100636975 /* AppDelegate.swift */; };
		634A76A22AFBAE4100636975 /* SceneDelegate.swift in Sources */ = {isa = PBXBuildFile; fileRef = 634A76A12AFBAE4100636975 /* SceneDelegate.swift */; };
		634A76A42AFBAE4100636975 /* ViewController.swift in Sources */ = {isa = PBXBuildFile; fileRef = 634A76A32AFBAE4100636975 /* ViewController.swift */; };
		634A76A92AFBAE4200636975 /* Assets.xcassets in Resources */ = {isa = PBXBuildFile; fileRef = 634A76A82AFBAE4200636975 /* Assets.xcassets */; };
		634A76AC2AFBAE4200636975 /* LaunchScreen.storyboard in Resources */ = {isa = PBXBuildFile; fileRef = 634A76AA2AFBAE4200636975 /* LaunchScreen.storyboard */; };
		63BC25E12B30161D00832E5B /* OnBoarding1CollectionViewCell.swift in Sources */ = {isa = PBXBuildFile; fileRef = 63BC25E02B30161D00832E5B /* OnBoarding1CollectionViewCell.swift */; };
		63BC25E32B3016D700832E5B /* OnBoarding1ViewController.swift in Sources */ = {isa = PBXBuildFile; fileRef = 63BC25E22B3016D700832E5B /* OnBoarding1ViewController.swift */; };
		63BC25E52B301A4B00832E5B /* OnboardingSlide.swift in Sources */ = {isa = PBXBuildFile; fileRef = 63BC25E42B301A4B00832E5B /* OnboardingSlide.swift */; };
		63D417962B20886B00E64CA6 /* OnboardingContainerViewController.swift in Sources */ = {isa = PBXBuildFile; fileRef = 63D417952B20886B00E64CA6 /* OnboardingContainerViewController.swift */; };
/* End PBXBuildFile section */

/* Begin PBXFileReference section */
		632B05F32B21EFE300D364B4 /* UIView+Extension.swift */ = {isa = PBXFileReference; lastKnownFileType = sourcecode.swift; path = "UIView+Extension.swift"; sourceTree = "<group>"; };
		632B05F52B21F45D00D364B4 /* OnboardingViewController.swift */ = {isa = PBXFileReference; lastKnownFileType = sourcecode.swift; path = OnboardingViewController.swift; sourceTree = "<group>"; };
		632B05F82B2262A300D364B4 /* OnBoardingVC2.swift */ = {isa = PBXFileReference; lastKnownFileType = sourcecode.swift; path = OnBoardingVC2.swift; sourceTree = "<group>"; };
		632B05FA2B22634D00D364B4 /* OnBoardingView2.swift */ = {isa = PBXFileReference; lastKnownFileType = sourcecode.swift; path = OnBoardingView2.swift; sourceTree = "<group>"; };
		632B05FC2B22645700D364B4 /* OnBoarding2CollectionViewCell.swift */ = {isa = PBXFileReference; lastKnownFileType = sourcecode.swift; path = OnBoarding2CollectionViewCell.swift; sourceTree = "<group>"; };
		632B05FE2B22667A00D364B4 /* OnBoarding2CollectionViewCellModel.swift */ = {isa = PBXFileReference; lastKnownFileType = sourcecode.swift; path = OnBoarding2CollectionViewCellModel.swift; sourceTree = "<group>"; };
		632B06002B22DBD800D364B4 /* OnBoardingView2ViewModel.swift */ = {isa = PBXFileReference; lastKnownFileType = sourcecode.swift; path = OnBoardingView2ViewModel.swift; sourceTree = "<group>"; };
		634A769C2AFBAE4100636975 /* Delicie.app */ = {isa = PBXFileReference; explicitFileType = wrapper.application; includeInIndex = 0; path = Delicie.app; sourceTree = BUILT_PRODUCTS_DIR; };
		634A769F2AFBAE4100636975 /* AppDelegate.swift */ = {isa = PBXFileReference; lastKnownFileType = sourcecode.swift; path = AppDelegate.swift; sourceTree = "<group>"; };
		634A76A12AFBAE4100636975 /* SceneDelegate.swift */ = {isa = PBXFileReference; lastKnownFileType = sourcecode.swift; path = SceneDelegate.swift; sourceTree = "<group>"; };
		634A76A32AFBAE4100636975 /* ViewController.swift */ = {isa = PBXFileReference; lastKnownFileType = sourcecode.swift; path = ViewController.swift; sourceTree = "<group>"; };
		634A76A82AFBAE4200636975 /* Assets.xcassets */ = {isa = PBXFileReference; lastKnownFileType = folder.assetcatalog; path = Assets.xcassets; sourceTree = "<group>"; };
		634A76AB2AFBAE4200636975 /* Base */ = {isa = PBXFileReference; lastKnownFileType = file.storyboard; name = Base; path = Base.lproj/LaunchScreen.storyboard; sourceTree = "<group>"; };
		634A76AD2AFBAE4200636975 /* Info.plist */ = {isa = PBXFileReference; lastKnownFileType = text.plist.xml; path = Info.plist; sourceTree = "<group>"; };
		63BC25E02B30161D00832E5B /* OnBoarding1CollectionViewCell.swift */ = {isa = PBXFileReference; lastKnownFileType = sourcecode.swift; path = OnBoarding1CollectionViewCell.swift; sourceTree = "<group>"; };
		63BC25E22B3016D700832E5B /* OnBoarding1ViewController.swift */ = {isa = PBXFileReference; lastKnownFileType = sourcecode.swift; path = OnBoarding1ViewController.swift; sourceTree = "<group>"; };
		63BC25E42B301A4B00832E5B /* OnboardingSlide.swift */ = {isa = PBXFileReference; lastKnownFileType = sourcecode.swift; path = OnboardingSlide.swift; sourceTree = "<group>"; };
		63D417952B20886B00E64CA6 /* OnboardingContainerViewController.swift */ = {isa = PBXFileReference; lastKnownFileType = sourcecode.swift; path = OnboardingContainerViewController.swift; sourceTree = "<group>"; };
/* End PBXFileReference section */

/* Begin PBXFrameworksBuildPhase section */
		634A76992AFBAE4100636975 /* Frameworks */ = {
			isa = PBXFrameworksBuildPhase;
			buildActionMask = 2147483647;
			files = (
			);
			runOnlyForDeploymentPostprocessing = 0;
		};
/* End PBXFrameworksBuildPhase section */

/* Begin PBXGroup section */
		632B05F72B22626900D364B4 /* OnBoardingCollection */ = {
			isa = PBXGroup;
			children = (
				632B05F82B2262A300D364B4 /* OnBoardingVC2.swift */,
				632B05FA2B22634D00D364B4 /* OnBoardingView2.swift */,
				632B06002B22DBD800D364B4 /* OnBoardingView2ViewModel.swift */,
				632B05FC2B22645700D364B4 /* OnBoarding2CollectionViewCell.swift */,
				632B05FE2B22667A00D364B4 /* OnBoarding2CollectionViewCellModel.swift */,
			);
			path = OnBoardingCollection;
			sourceTree = "<group>";
		};
		634A76932AFBAE4100636975 = {
			isa = PBXGroup;
			children = (
				634A769E2AFBAE4100636975 /* Delicie */,
				634A769D2AFBAE4100636975 /* Products */,
			);
			sourceTree = "<group>";
		};
		634A769D2AFBAE4100636975 /* Products */ = {
			isa = PBXGroup;
			children = (
				634A769C2AFBAE4100636975 /* Delicie.app */,
			);
			name = Products;
			sourceTree = "<group>";
		};
		634A769E2AFBAE4100636975 /* Delicie */ = {
			isa = PBXGroup;
			children = (
				63D417972B208C5400E64CA6 /* Custom Views */,
				634A76B42AFBBC0500636975 /* Views */,
				634A76B32AFBBBFB00636975 /* Models */,
				634A769F2AFBAE4100636975 /* AppDelegate.swift */,
				634A76A12AFBAE4100636975 /* SceneDelegate.swift */,
				634A76A32AFBAE4100636975 /* ViewController.swift */,
				634A76A82AFBAE4200636975 /* Assets.xcassets */,
				634A76AA2AFBAE4200636975 /* LaunchScreen.storyboard */,
				634A76AD2AFBAE4200636975 /* Info.plist */,
			);
			path = Delicie;
			sourceTree = "<group>";
		};
		634A76B32AFBBBFB00636975 /* Models */ = {
			isa = PBXGroup;
			children = (
				63BC25E42B301A4B00832E5B /* OnboardingSlide.swift */,
			);
			path = Models;
			sourceTree = "<group>";
		};
		634A76B42AFBBC0500636975 /* Views */ = {
			isa = PBXGroup;
			children = (
				63BC25DF2B30152300832E5B /* OnBoardingEmma */,
				632B05F72B22626900D364B4 /* OnBoardingCollection */,
				634A76B52AFBBC3800636975 /* OnBoardingPage */,
			);
			path = Views;
			sourceTree = "<group>";
		};
		634A76B52AFBBC3800636975 /* OnBoardingPage */ = {
			isa = PBXGroup;
			children = (
				63D417952B20886B00E64CA6 /* OnboardingContainerViewController.swift */,
				632B05F52B21F45D00D364B4 /* OnboardingViewController.swift */,
			);
			path = OnBoardingPage;
			sourceTree = "<group>";
		};
		63BC25DF2B30152300832E5B /* OnBoardingEmma */ = {
			isa = PBXGroup;
			children = (
				63BC25E02B30161D00832E5B /* OnBoarding1CollectionViewCell.swift */,
				63BC25E22B3016D700832E5B /* OnBoarding1ViewController.swift */,
			);
			path = OnBoardingEmma;
			sourceTree = "<group>";
		};
		63D417972B208C5400E64CA6 /* Custom Views */ = {
			isa = PBXGroup;
			children = (
				632B05F32B21EFE300D364B4 /* UIView+Extension.swift */,
			);
			path = "Custom Views";
			sourceTree = "<group>";
		};
/* End PBXGroup section */

/* Begin PBXNativeTarget section */
		634A769B2AFBAE4100636975 /* Delicie */ = {
			isa = PBXNativeTarget;
			buildConfigurationList = 634A76B02AFBAE4200636975 /* Build configuration list for PBXNativeTarget "Delicie" */;
			buildPhases = (
				634A76982AFBAE4100636975 /* Sources */,
				634A76992AFBAE4100636975 /* Frameworks */,
				634A769A2AFBAE4100636975 /* Resources */,
			);
			buildRules = (
			);
			dependencies = (
			);
			name = Delicie;
			productName = Delicie;
			productReference = 634A769C2AFBAE4100636975 /* Delicie.app */;
			productType = "com.apple.product-type.application";
		};
/* End PBXNativeTarget section */

/* Begin PBXProject section */
		634A76942AFBAE4100636975 /* Project object */ = {
			isa = PBXProject;
			attributes = {
				BuildIndependentTargetsInParallel = 1;
				LastSwiftUpdateCheck = 1500;
				LastUpgradeCheck = 1500;
				TargetAttributes = {
					634A769B2AFBAE4100636975 = {
						CreatedOnToolsVersion = 15.0;
					};
				};
			};
			buildConfigurationList = 634A76972AFBAE4100636975 /* Build configuration list for PBXProject "Delicie" */;
			compatibilityVersion = "Xcode 14.0";
			developmentRegion = en;
			hasScannedForEncodings = 0;
			knownRegions = (
				en,
				Base,
			);
			mainGroup = 634A76932AFBAE4100636975;
			productRefGroup = 634A769D2AFBAE4100636975 /* Products */;
			projectDirPath = "";
			projectRoot = "";
			targets = (
				634A769B2AFBAE4100636975 /* Delicie */,
			);
		};
/* End PBXProject section */

/* Begin PBXResourcesBuildPhase section */
		634A769A2AFBAE4100636975 /* Resources */ = {
			isa = PBXResourcesBuildPhase;
			buildActionMask = 2147483647;
			files = (
				634A76AC2AFBAE4200636975 /* LaunchScreen.storyboard in Resources */,
				634A76A92AFBAE4200636975 /* Assets.xcassets in Resources */,
			);
			runOnlyForDeploymentPostprocessing = 0;
		};
/* End PBXResourcesBuildPhase section */

/* Begin PBXSourcesBuildPhase section */
		634A76982AFBAE4100636975 /* Sources */ = {
			isa = PBXSourcesBuildPhase;
			buildActionMask = 2147483647;
			files = (
				63BC25E52B301A4B00832E5B /* OnboardingSlide.swift in Sources */,
				632B05FB2B22634D00D364B4 /* OnBoardingView2.swift in Sources */,
				632B05F42B21EFE300D364B4 /* UIView+Extension.swift in Sources */,
				632B05F62B21F45D00D364B4 /* OnboardingViewController.swift in Sources */,
				634A76A42AFBAE4100636975 /* ViewController.swift in Sources */,
				63BC25E32B3016D700832E5B /* OnBoarding1ViewController.swift in Sources */,
				632B05F92B2262A300D364B4 /* OnBoardingVC2.swift in Sources */,
				63BC25E12B30161D00832E5B /* OnBoarding1CollectionViewCell.swift in Sources */,
				632B05FF2B22667A00D364B4 /* OnBoarding2CollectionViewCellModel.swift in Sources */,
				632B06012B22DBD800D364B4 /* OnBoardingView2ViewModel.swift in Sources */,
				634A76A02AFBAE4100636975 /* AppDelegate.swift in Sources */,
				634A76A22AFBAE4100636975 /* SceneDelegate.swift in Sources */,
				632B05FD2B22645700D364B4 /* OnBoarding2CollectionViewCell.swift in Sources */,
				63D417962B20886B00E64CA6 /* OnboardingContainerViewController.swift in Sources */,
			);
			runOnlyForDeploymentPostprocessing = 0;
		};
/* End PBXSourcesBuildPhase section */

/* Begin PBXVariantGroup section */
		634A76AA2AFBAE4200636975 /* LaunchScreen.storyboard */ = {
			isa = PBXVariantGroup;
			children = (
				634A76AB2AFBAE4200636975 /* Base */,
			);
			name = LaunchScreen.storyboard;
			sourceTree = "<group>";
		};
/* End PBXVariantGroup section */

/* Begin XCBuildConfiguration section */
		634A76AE2AFBAE4200636975 /* Debug */ = {
			isa = XCBuildConfiguration;
			buildSettings = {
				ALWAYS_SEARCH_USER_PATHS = NO;
				ASSETCATALOG_COMPILER_GENERATE_SWIFT_ASSET_SYMBOL_EXTENSIONS = YES;
				CLANG_ANALYZER_NONNULL = YES;
				CLANG_ANALYZER_NUMBER_OBJECT_CONVERSION = YES_AGGRESSIVE;
				CLANG_CXX_LANGUAGE_STANDARD = "gnu++20";
				CLANG_ENABLE_MODULES = YES;
				CLANG_ENABLE_OBJC_ARC = YES;
				CLANG_ENABLE_OBJC_WEAK = YES;
				CLANG_WARN_BLOCK_CAPTURE_AUTORELEASING = YES;
				CLANG_WARN_BOOL_CONVERSION = YES;
				CLANG_WARN_COMMA = YES;
				CLANG_WARN_CONSTANT_CONVERSION = YES;
				CLANG_WARN_DEPRECATED_OBJC_IMPLEMENTATIONS = YES;
				CLANG_WARN_DIRECT_OBJC_ISA_USAGE = YES_ERROR;
				CLANG_WARN_DOCUMENTATION_COMMENTS = YES;
				CLANG_WARN_EMPTY_BODY = YES;
				CLANG_WARN_ENUM_CONVERSION = YES;
				CLANG_WARN_INFINITE_RECURSION = YES;
				CLANG_WARN_INT_CONVERSION = YES;
				CLANG_WARN_NON_LITERAL_NULL_CONVERSION = YES;
				CLANG_WARN_OBJC_IMPLICIT_RETAIN_SELF = YES;
				CLANG_WARN_OBJC_LITERAL_CONVERSION = YES;
				CLANG_WARN_OBJC_ROOT_CLASS = YES_ERROR;
				CLANG_WARN_QUOTED_INCLUDE_IN_FRAMEWORK_HEADER = YES;
				CLANG_WARN_RANGE_LOOP_ANALYSIS = YES;
				CLANG_WARN_STRICT_PROTOTYPES = YES;
				CLANG_WARN_SUSPICIOUS_MOVE = YES;
				CLANG_WARN_UNGUARDED_AVAILABILITY = YES_AGGRESSIVE;
				CLANG_WARN_UNREACHABLE_CODE = YES;
				CLANG_WARN__DUPLICATE_METHOD_MATCH = YES;
				COPY_PHASE_STRIP = NO;
				DEBUG_INFORMATION_FORMAT = dwarf;
				ENABLE_STRICT_OBJC_MSGSEND = YES;
				ENABLE_TESTABILITY = YES;
				ENABLE_USER_SCRIPT_SANDBOXING = YES;
				GCC_C_LANGUAGE_STANDARD = gnu17;
				GCC_DYNAMIC_NO_PIC = NO;
				GCC_NO_COMMON_BLOCKS = YES;
				GCC_OPTIMIZATION_LEVEL = 0;
				GCC_PREPROCESSOR_DEFINITIONS = (
					"DEBUG=1",
					"$(inherited)",
				);
				GCC_WARN_64_TO_32_BIT_CONVERSION = YES;
				GCC_WARN_ABOUT_RETURN_TYPE = YES_ERROR;
				GCC_WARN_UNDECLARED_SELECTOR = YES;
				GCC_WARN_UNINITIALIZED_AUTOS = YES_AGGRESSIVE;
				GCC_WARN_UNUSED_FUNCTION = YES;
				GCC_WARN_UNUSED_VARIABLE = YES;
				IPHONEOS_DEPLOYMENT_TARGET = 17.0;
				LOCALIZATION_PREFERS_STRING_CATALOGS = YES;
				MTL_ENABLE_DEBUG_INFO = INCLUDE_SOURCE;
				MTL_FAST_MATH = YES;
				ONLY_ACTIVE_ARCH = YES;
				SDKROOT = iphoneos;
				SWIFT_ACTIVE_COMPILATION_CONDITIONS = "DEBUG $(inherited)";
				SWIFT_OPTIMIZATION_LEVEL = "-Onone";
			};
			name = Debug;
		};
		634A76AF2AFBAE4200636975 /* Release */ = {
			isa = XCBuildConfiguration;
			buildSettings = {
				ALWAYS_SEARCH_USER_PATHS = NO;
				ASSETCATALOG_COMPILER_GENERATE_SWIFT_ASSET_SYMBOL_EXTENSIONS = YES;
				CLANG_ANALYZER_NONNULL = YES;
				CLANG_ANALYZER_NUMBER_OBJECT_CONVERSION = YES_AGGRESSIVE;
				CLANG_CXX_LANGUAGE_STANDARD = "gnu++20";
				CLANG_ENABLE_MODULES = YES;
				CLANG_ENABLE_OBJC_ARC = YES;
				CLANG_ENABLE_OBJC_WEAK = YES;
				CLANG_WARN_BLOCK_CAPTURE_AUTORELEASING = YES;
				CLANG_WARN_BOOL_CONVERSION = YES;
				CLANG_WARN_COMMA = YES;
				CLANG_WARN_CONSTANT_CONVERSION = YES;
				CLANG_WARN_DEPRECATED_OBJC_IMPLEMENTATIONS = YES;
				CLANG_WARN_DIRECT_OBJC_ISA_USAGE = YES_ERROR;
				CLANG_WARN_DOCUMENTATION_COMMENTS = YES;
				CLANG_WARN_EMPTY_BODY = YES;
				CLANG_WARN_ENUM_CONVERSION = YES;
				CLANG_WARN_INFINITE_RECURSION = YES;
				CLANG_WARN_INT_CONVERSION = YES;
				CLANG_WARN_NON_LITERAL_NULL_CONVERSION = YES;
				CLANG_WARN_OBJC_IMPLICIT_RETAIN_SELF = YES;
				CLANG_WARN_OBJC_LITERAL_CONVERSION = YES;
				CLANG_WARN_OBJC_ROOT_CLASS = YES_ERROR;
				CLANG_WARN_QUOTED_INCLUDE_IN_FRAMEWORK_HEADER = YES;
				CLANG_WARN_RANGE_LOOP_ANALYSIS = YES;
				CLANG_WARN_STRICT_PROTOTYPES = YES;
				CLANG_WARN_SUSPICIOUS_MOVE = YES;
				CLANG_WARN_UNGUARDED_AVAILABILITY = YES_AGGRESSIVE;
				CLANG_WARN_UNREACHABLE_CODE = YES;
				CLANG_WARN__DUPLICATE_METHOD_MATCH = YES;
				COPY_PHASE_STRIP = NO;
				DEBUG_INFORMATION_FORMAT = "dwarf-with-dsym";
				ENABLE_NS_ASSERTIONS = NO;
				ENABLE_STRICT_OBJC_MSGSEND = YES;
				ENABLE_USER_SCRIPT_SANDBOXING = YES;
				GCC_C_LANGUAGE_STANDARD = gnu17;
				GCC_NO_COMMON_BLOCKS = YES;
				GCC_WARN_64_TO_32_BIT_CONVERSION = YES;
				GCC_WARN_ABOUT_RETURN_TYPE = YES_ERROR;
				GCC_WARN_UNDECLARED_SELECTOR = YES;
				GCC_WARN_UNINITIALIZED_AUTOS = YES_AGGRESSIVE;
				GCC_WARN_UNUSED_FUNCTION = YES;
				GCC_WARN_UNUSED_VARIABLE = YES;
				IPHONEOS_DEPLOYMENT_TARGET = 17.0;
				LOCALIZATION_PREFERS_STRING_CATALOGS = YES;
				MTL_ENABLE_DEBUG_INFO = NO;
				MTL_FAST_MATH = YES;
				SDKROOT = iphoneos;
				SWIFT_COMPILATION_MODE = wholemodule;
				VALIDATE_PRODUCT = YES;
			};
			name = Release;
		};
		634A76B12AFBAE4200636975 /* Debug */ = {
			isa = XCBuildConfiguration;
			buildSettings = {
				ASSETCATALOG_COMPILER_APPICON_NAME = AppIcon;
				ASSETCATALOG_COMPILER_GLOBAL_ACCENT_COLOR_NAME = AccentColor;
				CODE_SIGN_STYLE = Automatic;
				CURRENT_PROJECT_VERSION = 1;
				DEVELOPMENT_TEAM = B34M97ZY6W;
				GENERATE_INFOPLIST_FILE = YES;
				INFOPLIST_FILE = Delicie/Info.plist;
				INFOPLIST_KEY_UIApplicationSupportsIndirectInputEvents = YES;
				INFOPLIST_KEY_UILaunchStoryboardName = LaunchScreen;
				INFOPLIST_KEY_UISupportedInterfaceOrientations = UIInterfaceOrientationPortrait;
				IPHONEOS_DEPLOYMENT_TARGET = 15.0;
				LD_RUNPATH_SEARCH_PATHS = (
					"$(inherited)",
					"@executable_path/Frameworks",
				);
				MARKETING_VERSION = 1.0;
				PRODUCT_BUNDLE_IDENTIFIER = foranewlife.Delicie;
				PRODUCT_NAME = "$(TARGET_NAME)";
				SWIFT_EMIT_LOC_STRINGS = YES;
				SWIFT_VERSION = 5.0;
				TARGETED_DEVICE_FAMILY = "1,2";
			};
			name = Debug;
		};
		634A76B22AFBAE4200636975 /* Release */ = {
			isa = XCBuildConfiguration;
			buildSettings = {
				ASSETCATALOG_COMPILER_APPICON_NAME = AppIcon;
				ASSETCATALOG_COMPILER_GLOBAL_ACCENT_COLOR_NAME = AccentColor;
				CODE_SIGN_STYLE = Automatic;
				CURRENT_PROJECT_VERSION = 1;
				DEVELOPMENT_TEAM = B34M97ZY6W;
				GENERATE_INFOPLIST_FILE = YES;
				INFOPLIST_FILE = Delicie/Info.plist;
				INFOPLIST_KEY_UIApplicationSupportsIndirectInputEvents = YES;
				INFOPLIST_KEY_UILaunchStoryboardName = LaunchScreen;
				INFOPLIST_KEY_UISupportedInterfaceOrientations = UIInterfaceOrientationPortrait;
				IPHONEOS_DEPLOYMENT_TARGET = 15.0;
				LD_RUNPATH_SEARCH_PATHS = (
					"$(inherited)",
					"@executable_path/Frameworks",
				);
				MARKETING_VERSION = 1.0;
				PRODUCT_BUNDLE_IDENTIFIER = foranewlife.Delicie;
				PRODUCT_NAME = "$(TARGET_NAME)";
				SWIFT_EMIT_LOC_STRINGS = YES;
				SWIFT_VERSION = 5.0;
				TARGETED_DEVICE_FAMILY = "1,2";
			};
			name = Release;
		};
/* End XCBuildConfiguration section */

/* Begin XCConfigurationList section */
		634A76972AFBAE4100636975 /* Build configuration list for PBXProject "Delicie" */ = {
			isa = XCConfigurationList;
			buildConfigurations = (
				634A76AE2AFBAE4200636975 /* Debug */,
				634A76AF2AFBAE4200636975 /* Release */,
			);
			defaultConfigurationIsVisible = 0;
			defaultConfigurationName = Release;
		};
		634A76B02AFBAE4200636975 /* Build configuration list for PBXNativeTarget "Delicie" */ = {
			isa = XCConfigurationList;
			buildConfigurations = (
				634A76B12AFBAE4200636975 /* Debug */,
				634A76B22AFBAE4200636975 /* Release */,
			);
			defaultConfigurationIsVisible = 0;
			defaultConfigurationName = Release;
		};
/* End XCConfigurationList section */
	};
	rootObject = 634A76942AFBAE4100636975 /* Project object */;
}
