// !$*UTF8*$!
{
	archiveVersion = 1;
	classes = {
	};
	objectVersion = 56;
	objects = {

/* Begin PBXBuildFile section */
		632B05F42B21EFE300D364B4 /* UIView+Extension.swift in Sources */ = {isa = PBXBuildFile; fileRef = 632B05F32B21EFE300D364B4 /* UIView+Extension.swift */; };
		632B05F62B21F45D00D364B4 /* OnboardingViewController.swift in Sources */ = {isa = PBXBuildFile; fileRef = 632B05F52B21F45D00D364B4 /* OnboardingViewController.swift */; };
		632B05F92B2262A300D364B4 /* OnBoardingVC2.swift in Sources */ = {isa = PBXBuildFile; fileRef = 632B05F82B2262A300D364B4 /* OnBoardingVC2.swift */; };
		632B05FB2B22634D00D364B4 /* OnBoardingView2.swift in Sources */ = {isa = PBXBuildFile; fileRef = 632B05FA2B22634D00D364B4 /* OnBoardingView2.swift */; };
		632B05FD2B22645700D364B4 /* OnBoarding2CollectionViewCell.swift in Sources */ = {isa = PBXBuildFile; fileRef = 632B05FC2B22645700D364B4 /* OnBoarding2CollectionViewCell.swift */; };
		632B05FF2B22667A00D364B4 /* OnBoarding2CollectionViewCellModel.swift in Sources */ = {isa = PBXBuildFile; fileRef = 632B05FE2B22667A00D364B4 /* OnBoarding2CollectionViewCellModel.swift */; };
		632B06012B22DBD800D364B4 /* OnBoardingView2ViewModel.swift in Sources */ = {isa = PBXBuildFile; fileRef = 632B06002B22DBD800D364B4 /* OnBoardingView2ViewModel.swift */; };
		6341A0032B554A0E00DC2A1D /* DishListTableViewCell.swift in Sources */ = {isa = PBXBuildFile; fileRef = 6341A0022B554A0E00DC2A1D /* DishListTableViewCell.swift */; };
		634A76A02AFBAE4100636975 /* AppDelegate.swift in Sources */ = {isa = PBXBuildFile; fileRef = 634A769F2AFBAE4100636975 /* AppDelegate.swift */; };
		634A76A22AFBAE4100636975 /* SceneDelegate.swift in Sources */ = {isa = PBXBuildFile; fileRef = 634A76A12AFBAE4100636975 /* SceneDelegate.swift */; };
		634A76A42AFBAE4100636975 /* ViewController.swift in Sources */ = {isa = PBXBuildFile; fileRef = 634A76A32AFBAE4100636975 /* ViewController.swift */; };
		634A76A92AFBAE4200636975 /* Assets.xcassets in Resources */ = {isa = PBXBuildFile; fileRef = 634A76A82AFBAE4200636975 /* Assets.xcassets */; };
		634A76AC2AFBAE4200636975 /* LaunchScreen.storyboard in Resources */ = {isa = PBXBuildFile; fileRef = 634A76AA2AFBAE4200636975 /* LaunchScreen.storyboard */; };
		6359D2902B3AE5C500C20E9F /* CardView.swift in Sources */ = {isa = PBXBuildFile; fileRef = 6359D28F2B3AE5C500C20E9F /* CardView.swift */; };
		6359D2922B3B0C0000C20E9F /* Dish.swift in Sources */ = {isa = PBXBuildFile; fileRef = 6359D2912B3B0C0000C20E9F /* Dish.swift */; };
		6366DE8B2B3C5F2A00B26F85 /* PopularCollectionViewViewModel.swift in Sources */ = {isa = PBXBuildFile; fileRef = 6366DE8A2B3C5F2A00B26F85 /* PopularCollectionViewViewModel.swift */; };
		639CC4762B4D3AEB00D2DD0D /* HomeDetailViewViewModel.swift in Sources */ = {isa = PBXBuildFile; fileRef = 639CC4752B4D3AEB00D2DD0D /* HomeDetailViewViewModel.swift */; };
		63A031A42B335BD000B325C8 /* LocalState.swift in Sources */ = {isa = PBXBuildFile; fileRef = 63A031A32B335BD000B325C8 /* LocalState.swift */; };
		63A031A62B337C3C00B325C8 /* HomeView.swift in Sources */ = {isa = PBXBuildFile; fileRef = 63A031A52B337C3C00B325C8 /* HomeView.swift */; };
		63A031A92B34511C00B325C8 /* FoodCollectionViewCell.swift in Sources */ = {isa = PBXBuildFile; fileRef = 63A031A82B34511C00B325C8 /* FoodCollectionViewCell.swift */; };
		63A031AB2B34518500B325C8 /* PopularCollectionViewCell.swift in Sources */ = {isa = PBXBuildFile; fileRef = 63A031AA2B34518500B325C8 /* PopularCollectionViewCell.swift */; };
		63A031AD2B34519000B325C8 /* ChefCollectionViewCell.swift in Sources */ = {isa = PBXBuildFile; fileRef = 63A031AC2B34519000B325C8 /* ChefCollectionViewCell.swift */; };
		63A031AF2B35AF3400B325C8 /* DishCategory.swift in Sources */ = {isa = PBXBuildFile; fileRef = 63A031AE2B35AF3400B325C8 /* DishCategory.swift */; };
		63A031B12B35B2F900B325C8 /* String+Extension.swift in Sources */ = {isa = PBXBuildFile; fileRef = 63A031B02B35B2F900B325C8 /* String+Extension.swift */; };
		63A031B32B3600B100B325C8 /* FoodCollectionViewViewModel.swift in Sources */ = {isa = PBXBuildFile; fileRef = 63A031B22B3600B100B325C8 /* FoodCollectionViewViewModel.swift */; };
		63BC25E12B30161D00832E5B /* OnBoarding1CollectionViewCell.swift in Sources */ = {isa = PBXBuildFile; fileRef = 63BC25E02B30161D00832E5B /* OnBoarding1CollectionViewCell.swift */; };
		63BC25E32B3016D700832E5B /* OnBoarding1ViewController.swift in Sources */ = {isa = PBXBuildFile; fileRef = 63BC25E22B3016D700832E5B /* OnBoarding1ViewController.swift */; };
		63BC25E52B301A4B00832E5B /* OnboardingSlide.swift in Sources */ = {isa = PBXBuildFile; fileRef = 63BC25E42B301A4B00832E5B /* OnboardingSlide.swift */; };
		63CF92F22B3D4C31009C4E98 /* ChefCollectionViewViewModel.swift in Sources */ = {isa = PBXBuildFile; fileRef = 63CF92F12B3D4C31009C4E98 /* ChefCollectionViewViewModel.swift */; };
		63D417962B20886B00E64CA6 /* OnboardingContainerViewController.swift in Sources */ = {isa = PBXBuildFile; fileRef = 63D417952B20886B00E64CA6 /* OnboardingContainerViewController.swift */; };
		63F340362B3321080065AFBA /* HomeViewController.swift in Sources */ = {isa = PBXBuildFile; fileRef = 63F340352B3321080065AFBA /* HomeViewController.swift */; };
		63F680022B4AE6FC000FB1A5 /* HomeDetailViewController.swift in Sources */ = {isa = PBXBuildFile; fileRef = 63F680012B4AE6FC000FB1A5 /* HomeDetailViewController.swift */; };
		63F680042B4AE720000FB1A5 /* HomeDetailView.swift in Sources */ = {isa = PBXBuildFile; fileRef = 63F680032B4AE720000FB1A5 /* HomeDetailView.swift */; };
		FB8B3B5FE54C4296B8CDBE1C /* Pods_Delicie.framework in Frameworks */ = {isa = PBXBuildFile; fileRef = DBFED603BA8E7F0E59139606 /* Pods_Delicie.framework */; };
/* End PBXBuildFile section */

/* Begin PBXFileReference section */
		632B05F32B21EFE300D364B4 /* UIView+Extension.swift */ = {isa = PBXFileReference; lastKnownFileType = sourcecode.swift; path = "UIView+Extension.swift"; sourceTree = "<group>"; };
		632B05F52B21F45D00D364B4 /* OnboardingViewController.swift */ = {isa = PBXFileReference; lastKnownFileType = sourcecode.swift; path = OnboardingViewController.swift; sourceTree = "<group>"; };
		632B05F82B2262A300D364B4 /* OnBoardingVC2.swift */ = {isa = PBXFileReference; lastKnownFileType = sourcecode.swift; path = OnBoardingVC2.swift; sourceTree = "<group>"; };
		632B05FA2B22634D00D364B4 /* OnBoardingView2.swift */ = {isa = PBXFileReference; lastKnownFileType = sourcecode.swift; path = OnBoardingView2.swift; sourceTree = "<group>"; };
		632B05FC2B22645700D364B4 /* OnBoarding2CollectionViewCell.swift */ = {isa = PBXFileReference; lastKnownFileType = sourcecode.swift; path = OnBoarding2CollectionViewCell.swift; sourceTree = "<group>"; };
		632B05FE2B22667A00D364B4 /* OnBoarding2CollectionViewCellModel.swift */ = {isa = PBXFileReference; lastKnownFileType = sourcecode.swift; path = OnBoarding2CollectionViewCellModel.swift; sourceTree = "<group>"; };
		632B06002B22DBD800D364B4 /* OnBoardingView2ViewModel.swift */ = {isa = PBXFileReference; lastKnownFileType = sourcecode.swift; path = OnBoardingView2ViewModel.swift; sourceTree = "<group>"; };
		6341A0022B554A0E00DC2A1D /* DishListTableViewCell.swift */ = {isa = PBXFileReference; lastKnownFileType = sourcecode.swift; path = DishListTableViewCell.swift; sourceTree = "<group>"; };
		634A769C2AFBAE4100636975 /* Delicie.app */ = {isa = PBXFileReference; explicitFileType = wrapper.application; includeInIndex = 0; path = Delicie.app; sourceTree = BUILT_PRODUCTS_DIR; };
		634A769F2AFBAE4100636975 /* AppDelegate.swift */ = {isa = PBXFileReference; lastKnownFileType = sourcecode.swift; path = AppDelegate.swift; sourceTree = "<group>"; };
		634A76A12AFBAE4100636975 /* SceneDelegate.swift */ = {isa = PBXFileReference; lastKnownFileType = sourcecode.swift; path = SceneDelegate.swift; sourceTree = "<group>"; };
		634A76A32AFBAE4100636975 /* ViewController.swift */ = {isa = PBXFileReference; lastKnownFileType = sourcecode.swift; path = ViewController.swift; sourceTree = "<group>"; };
		634A76A82AFBAE4200636975 /* Assets.xcassets */ = {isa = PBXFileReference; lastKnownFileType = folder.assetcatalog; path = Assets.xcassets; sourceTree = "<group>"; };
		634A76AB2AFBAE4200636975 /* Base */ = {isa = PBXFileReference; lastKnownFileType = file.storyboard; name = Base; path = Base.lproj/LaunchScreen.storyboard; sourceTree = "<group>"; };
		634A76AD2AFBAE4200636975 /* Info.plist */ = {isa = PBXFileReference; lastKnownFileType = text.plist.xml; path = Info.plist; sourceTree = "<group>"; };
		6359D28F2B3AE5C500C20E9F /* CardView.swift */ = {isa = PBXFileReference; lastKnownFileType = sourcecode.swift; path = CardView.swift; sourceTree = "<group>"; };
		6359D2912B3B0C0000C20E9F /* Dish.swift */ = {isa = PBXFileReference; lastKnownFileType = sourcecode.swift; path = Dish.swift; sourceTree = "<group>"; };
		6366DE8A2B3C5F2A00B26F85 /* PopularCollectionViewViewModel.swift */ = {isa = PBXFileReference; lastKnownFileType = sourcecode.swift; path = PopularCollectionViewViewModel.swift; sourceTree = "<group>"; };
		639CC4752B4D3AEB00D2DD0D /* HomeDetailViewViewModel.swift */ = {isa = PBXFileReference; lastKnownFileType = sourcecode.swift; path = HomeDetailViewViewModel.swift; sourceTree = "<group>"; };
		63A031A32B335BD000B325C8 /* LocalState.swift */ = {isa = PBXFileReference; lastKnownFileType = sourcecode.swift; path = LocalState.swift; sourceTree = "<group>"; };
		63A031A52B337C3C00B325C8 /* HomeView.swift */ = {isa = PBXFileReference; lastKnownFileType = sourcecode.swift; path = HomeView.swift; sourceTree = "<group>"; };
		63A031A82B34511C00B325C8 /* FoodCollectionViewCell.swift */ = {isa = PBXFileReference; lastKnownFileType = sourcecode.swift; path = FoodCollectionViewCell.swift; sourceTree = "<group>"; };
		63A031AA2B34518500B325C8 /* PopularCollectionViewCell.swift */ = {isa = PBXFileReference; lastKnownFileType = sourcecode.swift; path = PopularCollectionViewCell.swift; sourceTree = "<group>"; };
		63A031AC2B34519000B325C8 /* ChefCollectionViewCell.swift */ = {isa = PBXFileReference; lastKnownFileType = sourcecode.swift; path = ChefCollectionViewCell.swift; sourceTree = "<group>"; };
		63A031AE2B35AF3400B325C8 /* DishCategory.swift */ = {isa = PBXFileReference; lastKnownFileType = sourcecode.swift; path = DishCategory.swift; sourceTree = "<group>"; };
		63A031B02B35B2F900B325C8 /* String+Extension.swift */ = {isa = PBXFileReference; lastKnownFileType = sourcecode.swift; path = "String+Extension.swift"; sourceTree = "<group>"; };
		63A031B22B3600B100B325C8 /* FoodCollectionViewViewModel.swift */ = {isa = PBXFileReference; lastKnownFileType = sourcecode.swift; path = FoodCollectionViewViewModel.swift; sourceTree = "<group>"; };
		63BC25E02B30161D00832E5B /* OnBoarding1CollectionViewCell.swift */ = {isa = PBXFileReference; lastKnownFileType = sourcecode.swift; path = OnBoarding1CollectionViewCell.swift; sourceTree = "<group>"; };
		63BC25E22B3016D700832E5B /* OnBoarding1ViewController.swift */ = {isa = PBXFileReference; lastKnownFileType = sourcecode.swift; path = OnBoarding1ViewController.swift; sourceTree = "<group>"; };
		63BC25E42B301A4B00832E5B /* OnboardingSlide.swift */ = {isa = PBXFileReference; lastKnownFileType = sourcecode.swift; path = OnboardingSlide.swift; sourceTree = "<group>"; };
		63CF92F12B3D4C31009C4E98 /* ChefCollectionViewViewModel.swift */ = {isa = PBXFileReference; lastKnownFileType = sourcecode.swift; path = ChefCollectionViewViewModel.swift; sourceTree = "<group>"; };
		63D417952B20886B00E64CA6 /* OnboardingContainerViewController.swift */ = {isa = PBXFileReference; lastKnownFileType = sourcecode.swift; path = OnboardingContainerViewController.swift; sourceTree = "<group>"; };
		63F340352B3321080065AFBA /* HomeViewController.swift */ = {isa = PBXFileReference; lastKnownFileType = sourcecode.swift; path = HomeViewController.swift; sourceTree = "<group>"; };
		63F680012B4AE6FC000FB1A5 /* HomeDetailViewController.swift */ = {isa = PBXFileReference; lastKnownFileType = sourcecode.swift; path = HomeDetailViewController.swift; sourceTree = "<group>"; };
		63F680032B4AE720000FB1A5 /* HomeDetailView.swift */ = {isa = PBXFileReference; lastKnownFileType = sourcecode.swift; path = HomeDetailView.swift; sourceTree = "<group>"; };
		CBDE5121B4EECB54EF15112D /* Pods-Delicie.debug.xcconfig */ = {isa = PBXFileReference; includeInIndex = 1; lastKnownFileType = text.xcconfig; name = "Pods-Delicie.debug.xcconfig"; path = "Target Support Files/Pods-Delicie/Pods-Delicie.debug.xcconfig"; sourceTree = "<group>"; };
		DBFED603BA8E7F0E59139606 /* Pods_Delicie.framework */ = {isa = PBXFileReference; explicitFileType = wrapper.framework; includeInIndex = 0; path = Pods_Delicie.framework; sourceTree = BUILT_PRODUCTS_DIR; };
		EEEAF68A3F4A0FE75432624B /* Pods-Delicie.release.xcconfig */ = {isa = PBXFileReference; includeInIndex = 1; lastKnownFileType = text.xcconfig; name = "Pods-Delicie.release.xcconfig"; path = "Target Support Files/Pods-Delicie/Pods-Delicie.release.xcconfig"; sourceTree = "<group>"; };
/* End PBXFileReference section */

/* Begin PBXFrameworksBuildPhase section */
		634A76992AFBAE4100636975 /* Frameworks */ = {
			isa = PBXFrameworksBuildPhase;
			buildActionMask = 2147483647;
			files = (
				FB8B3B5FE54C4296B8CDBE1C /* Pods_Delicie.framework in Frameworks */,
			);
			runOnlyForDeploymentPostprocessing = 0;
		};
/* End PBXFrameworksBuildPhase section */

/* Begin PBXGroup section */
		55768C08CF44A811980A778A /* Pods */ = {
			isa = PBXGroup;
			children = (
				CBDE5121B4EECB54EF15112D /* Pods-Delicie.debug.xcconfig */,
				EEEAF68A3F4A0FE75432624B /* Pods-Delicie.release.xcconfig */,
			);
			path = Pods;
			sourceTree = "<group>";
		};
		632B05F72B22626900D364B4 /* OnBoardingCollection */ = {
			isa = PBXGroup;
			children = (
				632B05F82B2262A300D364B4 /* OnBoardingVC2.swift */,
				632B05FA2B22634D00D364B4 /* OnBoardingView2.swift */,
				632B06002B22DBD800D364B4 /* OnBoardingView2ViewModel.swift */,
				632B05FC2B22645700D364B4 /* OnBoarding2CollectionViewCell.swift */,
				632B05FE2B22667A00D364B4 /* OnBoarding2CollectionViewCellModel.swift */,
			);
			path = OnBoardingCollection;
			sourceTree = "<group>";
		};
		6341A0012B55498F00DC2A1D /* DishListTableView */ = {
			isa = PBXGroup;
			children = (
				6341A0022B554A0E00DC2A1D /* DishListTableViewCell.swift */,
			);
			path = DishListTableView;
			sourceTree = "<group>";
		};
		634A76932AFBAE4100636975 = {
			isa = PBXGroup;
			children = (
				634A769E2AFBAE4100636975 /* Delicie */,
				634A769D2AFBAE4100636975 /* Products */,
				55768C08CF44A811980A778A /* Pods */,
				D2115B763615B55193DF1DD6 /* Frameworks */,
			);
			sourceTree = "<group>";
		};
		634A769D2AFBAE4100636975 /* Products */ = {
			isa = PBXGroup;
			children = (
				634A769C2AFBAE4100636975 /* Delicie.app */,
			);
			name = Products;
			sourceTree = "<group>";
		};
		634A769E2AFBAE4100636975 /* Delicie */ = {
			isa = PBXGroup;
			children = (
				63A031A22B335BA200B325C8 /* Utilities */,
				634A76B42AFBBC0500636975 /* Views */,
				634A76B32AFBBBFB00636975 /* Models */,
				634A769F2AFBAE4100636975 /* AppDelegate.swift */,
				634A76A12AFBAE4100636975 /* SceneDelegate.swift */,
				634A76A32AFBAE4100636975 /* ViewController.swift */,
				634A76A82AFBAE4200636975 /* Assets.xcassets */,
				634A76AA2AFBAE4200636975 /* LaunchScreen.storyboard */,
				634A76AD2AFBAE4200636975 /* Info.plist */,
			);
			path = Delicie;
			sourceTree = "<group>";
		};
		634A76B32AFBBBFB00636975 /* Models */ = {
			isa = PBXGroup;
			children = (
				63BC25E42B301A4B00832E5B /* OnboardingSlide.swift */,
				63A031AE2B35AF3400B325C8 /* DishCategory.swift */,
				6359D2912B3B0C0000C20E9F /* Dish.swift */,
			);
			path = Models;
			sourceTree = "<group>";
		};
		634A76B42AFBBC0500636975 /* Views */ = {
			isa = PBXGroup;
			children = (
				63F340332B3320BF0065AFBA /* OnBoarding */,
				63F340342B3320EA0065AFBA /* Home */,
				63F680002B4AE6CE000FB1A5 /* DishDetail */,
				6359D28E2B3AE5B000C20E9F /* CardView */,
			);
			path = Views;
			sourceTree = "<group>";
		};
		634A76B52AFBBC3800636975 /* OnBoardingPage */ = {
			isa = PBXGroup;
			children = (
				63D417952B20886B00E64CA6 /* OnboardingContainerViewController.swift */,
				632B05F52B21F45D00D364B4 /* OnboardingViewController.swift */,
			);
			path = OnBoardingPage;
			sourceTree = "<group>";
		};
		6359D28E2B3AE5B000C20E9F /* CardView */ = {
			isa = PBXGroup;
			children = (
				6359D28F2B3AE5C500C20E9F /* CardView.swift */,
			);
			path = CardView;
			sourceTree = "<group>";
		};
		63A031A22B335BA200B325C8 /* Utilities */ = {
			isa = PBXGroup;
			children = (
				632B05F32B21EFE300D364B4 /* UIView+Extension.swift */,
				63A031A32B335BD000B325C8 /* LocalState.swift */,
				63A031B02B35B2F900B325C8 /* String+Extension.swift */,
			);
			path = Utilities;
			sourceTree = "<group>";
		};
		63A031A72B342D3700B325C8 /* HomeCollectionView */ = {
			isa = PBXGroup;
			children = (
				63A031A82B34511C00B325C8 /* FoodCollectionViewCell.swift */,
				63A031B22B3600B100B325C8 /* FoodCollectionViewViewModel.swift */,
				63A031AA2B34518500B325C8 /* PopularCollectionViewCell.swift */,
				6366DE8A2B3C5F2A00B26F85 /* PopularCollectionViewViewModel.swift */,
				63A031AC2B34519000B325C8 /* ChefCollectionViewCell.swift */,
				63CF92F12B3D4C31009C4E98 /* ChefCollectionViewViewModel.swift */,
			);
			path = HomeCollectionView;
			sourceTree = "<group>";
		};
		63BC25DF2B30152300832E5B /* OnBoardingEmma */ = {
			isa = PBXGroup;
			children = (
				63BC25E02B30161D00832E5B /* OnBoarding1CollectionViewCell.swift */,
				63BC25E22B3016D700832E5B /* OnBoarding1ViewController.swift */,
			);
			path = OnBoardingEmma;
			sourceTree = "<group>";
		};
		63F340332B3320BF0065AFBA /* OnBoarding */ = {
			isa = PBXGroup;
			children = (
				63BC25DF2B30152300832E5B /* OnBoardingEmma */,
				632B05F72B22626900D364B4 /* OnBoardingCollection */,
				634A76B52AFBBC3800636975 /* OnBoardingPage */,
			);
			path = OnBoarding;
			sourceTree = "<group>";
		};
		63F340342B3320EA0065AFBA /* Home */ = {
			isa = PBXGroup;
			children = (
				63F340352B3321080065AFBA /* HomeViewController.swift */,
				63A031A52B337C3C00B325C8 /* HomeView.swift */,
				63A031A72B342D3700B325C8 /* HomeCollectionView */,
				6341A0012B55498F00DC2A1D /* DishListTableView */,
			);
			path = Home;
			sourceTree = "<group>";
		};
		63F680002B4AE6CE000FB1A5 /* DishDetail */ = {
			isa = PBXGroup;
			children = (
				63F680012B4AE6FC000FB1A5 /* HomeDetailViewController.swift */,
				63F680032B4AE720000FB1A5 /* HomeDetailView.swift */,
				639CC4752B4D3AEB00D2DD0D /* HomeDetailViewViewModel.swift */,
			);
			path = DishDetail;
			sourceTree = "<group>";
		};
		D2115B763615B55193DF1DD6 /* Frameworks */ = {
			isa = PBXGroup;
			children = (
				DBFED603BA8E7F0E59139606 /* Pods_Delicie.framework */,
			);
			name = Frameworks;
			sourceTree = "<group>";
		};
/* End PBXGroup section */

/* Begin PBXNativeTarget section */
		634A769B2AFBAE4100636975 /* Delicie */ = {
			isa = PBXNativeTarget;
			buildConfigurationList = 634A76B02AFBAE4200636975 /* Build configuration list for PBXNativeTarget "Delicie" */;
			buildPhases = (
				6957E56A16940D66B0BBB5EF /* [CP] Check Pods Manifest.lock */,
				634A76982AFBAE4100636975 /* Sources */,
				634A76992AFBAE4100636975 /* Frameworks */,
				634A769A2AFBAE4100636975 /* Resources */,
				63A3E5E2A7962D59DA78643A /* [CP] Embed Pods Frameworks */,
			);
			buildRules = (
			);
			dependencies = (
			);
			name = Delicie;
			productName = Delicie;
			productReference = 634A769C2AFBAE4100636975 /* Delicie.app */;
			productType = "com.apple.product-type.application";
		};
/* End PBXNativeTarget section */

/* Begin PBXProject section */
		634A76942AFBAE4100636975 /* Project object */ = {
			isa = PBXProject;
			attributes = {
				BuildIndependentTargetsInParallel = 1;
				LastSwiftUpdateCheck = 1500;
				LastUpgradeCheck = 1500;
				TargetAttributes = {
					634A769B2AFBAE4100636975 = {
						CreatedOnToolsVersion = 15.0;
					};
				};
			};
			buildConfigurationList = 634A76972AFBAE4100636975 /* Build configuration list for PBXProject "Delicie" */;
			compatibilityVersion = "Xcode 14.0";
			developmentRegion = en;
			hasScannedForEncodings = 0;
			knownRegions = (
				en,
				Base,
			);
			mainGroup = 634A76932AFBAE4100636975;
			productRefGroup = 634A769D2AFBAE4100636975 /* Products */;
			projectDirPath = "";
			projectRoot = "";
			targets = (
				634A769B2AFBAE4100636975 /* Delicie */,
			);
		};
/* End PBXProject section */

/* Begin PBXResourcesBuildPhase section */
		634A769A2AFBAE4100636975 /* Resources */ = {
			isa = PBXResourcesBuildPhase;
			buildActionMask = 2147483647;
			files = (
				634A76AC2AFBAE4200636975 /* LaunchScreen.storyboard in Resources */,
				634A76A92AFBAE4200636975 /* Assets.xcassets in Resources */,
			);
			runOnlyForDeploymentPostprocessing = 0;
		};
/* End PBXResourcesBuildPhase section */

/* Begin PBXShellScriptBuildPhase section */
		63A3E5E2A7962D59DA78643A /* [CP] Embed Pods Frameworks */ = {
			isa = PBXShellScriptBuildPhase;
			buildActionMask = 2147483647;
			files = (
			);
			inputFileListPaths = (
				"${PODS_ROOT}/Target Support Files/Pods-Delicie/Pods-Delicie-frameworks-${CONFIGURATION}-input-files.xcfilelist",
			);
			name = "[CP] Embed Pods Frameworks";
			outputFileListPaths = (
				"${PODS_ROOT}/Target Support Files/Pods-Delicie/Pods-Delicie-frameworks-${CONFIGURATION}-output-files.xcfilelist",
			);
			runOnlyForDeploymentPostprocessing = 0;
			shellPath = /bin/sh;
			shellScript = "\"${PODS_ROOT}/Target Support Files/Pods-Delicie/Pods-Delicie-frameworks.sh\"\n";
			showEnvVarsInLog = 0;
		};
		6957E56A16940D66B0BBB5EF /* [CP] Check Pods Manifest.lock */ = {
			isa = PBXShellScriptBuildPhase;
			buildActionMask = 2147483647;
			files = (
			);
			inputFileListPaths = (
			);
			inputPaths = (
				"${PODS_PODFILE_DIR_PATH}/Podfile.lock",
				"${PODS_ROOT}/Manifest.lock",
			);
			name = "[CP] Check Pods Manifest.lock";
			outputFileListPaths = (
			);
			outputPaths = (
				"$(DERIVED_FILE_DIR)/Pods-Delicie-checkManifestLockResult.txt",
			);
			runOnlyForDeploymentPostprocessing = 0;
			shellPath = /bin/sh;
			shellScript = "diff \"${PODS_PODFILE_DIR_PATH}/Podfile.lock\" \"${PODS_ROOT}/Manifest.lock\" > /dev/null\nif [ $? != 0 ] ; then\n    # print error to STDERR\n    echo \"error: The sandbox is not in sync with the Podfile.lock. Run 'pod install' or update your CocoaPods installation.\" >&2\n    exit 1\nfi\n# This output is used by Xcode 'outputs' to avoid re-running this script phase.\necho \"SUCCESS\" > \"${SCRIPT_OUTPUT_FILE_0}\"\n";
			showEnvVarsInLog = 0;
		};
/* End PBXShellScriptBuildPhase section */

/* Begin PBXSourcesBuildPhase section */
		634A76982AFBAE4100636975 /* Sources */ = {
			isa = PBXSourcesBuildPhase;
			buildActionMask = 2147483647;
			files = (
				63BC25E52B301A4B00832E5B /* OnboardingSlide.swift in Sources */,
				6359D2922B3B0C0000C20E9F /* Dish.swift in Sources */,
				63A031B32B3600B100B325C8 /* FoodCollectionViewViewModel.swift in Sources */,
				63CF92F22B3D4C31009C4E98 /* ChefCollectionViewViewModel.swift in Sources */,
				632B05FB2B22634D00D364B4 /* OnBoardingView2.swift in Sources */,
				632B05F42B21EFE300D364B4 /* UIView+Extension.swift in Sources */,
				632B05F62B21F45D00D364B4 /* OnboardingViewController.swift in Sources */,
				63A031AD2B34519000B325C8 /* ChefCollectionViewCell.swift in Sources */,
				634A76A42AFBAE4100636975 /* ViewController.swift in Sources */,
				63A031A62B337C3C00B325C8 /* HomeView.swift in Sources */,
				63F340362B3321080065AFBA /* HomeViewController.swift in Sources */,
				639CC4762B4D3AEB00D2DD0D /* HomeDetailViewViewModel.swift in Sources */,
				63BC25E32B3016D700832E5B /* OnBoarding1ViewController.swift in Sources */,
				63F680022B4AE6FC000FB1A5 /* HomeDetailViewController.swift in Sources */,
				63A031A42B335BD000B325C8 /* LocalState.swift in Sources */,
				63F680042B4AE720000FB1A5 /* HomeDetailView.swift in Sources */,
				632B05F92B2262A300D364B4 /* OnBoardingVC2.swift in Sources */,
				63BC25E12B30161D00832E5B /* OnBoarding1CollectionViewCell.swift in Sources */,
				6341A0032B554A0E00DC2A1D /* DishListTableViewCell.swift in Sources */,
				63A031B12B35B2F900B325C8 /* String+Extension.swift in Sources */,
				63A031AB2B34518500B325C8 /* PopularCollectionViewCell.swift in Sources */,
				632B05FF2B22667A00D364B4 /* OnBoarding2CollectionViewCellModel.swift in Sources */,
				632B06012B22DBD800D364B4 /* OnBoardingView2ViewModel.swift in Sources */,
				634A76A02AFBAE4100636975 /* AppDelegate.swift in Sources */,
				6366DE8B2B3C5F2A00B26F85 /* PopularCollectionViewViewModel.swift in Sources */,
				634A76A22AFBAE4100636975 /* SceneDelegate.swift in Sources */,
				632B05FD2B22645700D364B4 /* OnBoarding2CollectionViewCell.swift in Sources */,
				63A031A92B34511C00B325C8 /* FoodCollectionViewCell.swift in Sources */,
				63A031AF2B35AF3400B325C8 /* DishCategory.swift in Sources */,
				6359D2902B3AE5C500C20E9F /* CardView.swift in Sources */,
				63D417962B20886B00E64CA6 /* OnboardingContainerViewController.swift in Sources */,
			);
			runOnlyForDeploymentPostprocessing = 0;
		};
/* End PBXSourcesBuildPhase section */

/* Begin PBXVariantGroup section */
		634A76AA2AFBAE4200636975 /* LaunchScreen.storyboard */ = {
			isa = PBXVariantGroup;
			children = (
				634A76AB2AFBAE4200636975 /* Base */,
			);
			name = LaunchScreen.storyboard;
			sourceTree = "<group>";
		};
/* End PBXVariantGroup section */

/* Begin XCBuildConfiguration section */
		634A76AE2AFBAE4200636975 /* Debug */ = {
			isa = XCBuildConfiguration;
			buildSettings = {
				ALWAYS_SEARCH_USER_PATHS = NO;
				ASSETCATALOG_COMPILER_GENERATE_SWIFT_ASSET_SYMBOL_EXTENSIONS = YES;
				CLANG_ANALYZER_NONNULL = YES;
				CLANG_ANALYZER_NUMBER_OBJECT_CONVERSION = YES_AGGRESSIVE;
				CLANG_CXX_LANGUAGE_STANDARD = "gnu++20";
				CLANG_ENABLE_MODULES = YES;
				CLANG_ENABLE_OBJC_ARC = YES;
				CLANG_ENABLE_OBJC_WEAK = YES;
				CLANG_WARN_BLOCK_CAPTURE_AUTORELEASING = YES;
				CLANG_WARN_BOOL_CONVERSION = YES;
				CLANG_WARN_COMMA = YES;
				CLANG_WARN_CONSTANT_CONVERSION = YES;
				CLANG_WARN_DEPRECATED_OBJC_IMPLEMENTATIONS = YES;
				CLANG_WARN_DIRECT_OBJC_ISA_USAGE = YES_ERROR;
				CLANG_WARN_DOCUMENTATION_COMMENTS = YES;
				CLANG_WARN_EMPTY_BODY = YES;
				CLANG_WARN_ENUM_CONVERSION = YES;
				CLANG_WARN_INFINITE_RECURSION = YES;
				CLANG_WARN_INT_CONVERSION = YES;
				CLANG_WARN_NON_LITERAL_NULL_CONVERSION = YES;
				CLANG_WARN_OBJC_IMPLICIT_RETAIN_SELF = YES;
				CLANG_WARN_OBJC_LITERAL_CONVERSION = YES;
				CLANG_WARN_OBJC_ROOT_CLASS = YES_ERROR;
				CLANG_WARN_QUOTED_INCLUDE_IN_FRAMEWORK_HEADER = YES;
				CLANG_WARN_RANGE_LOOP_ANALYSIS = YES;
				CLANG_WARN_STRICT_PROTOTYPES = YES;
				CLANG_WARN_SUSPICIOUS_MOVE = YES;
				CLANG_WARN_UNGUARDED_AVAILABILITY = YES_AGGRESSIVE;
				CLANG_WARN_UNREACHABLE_CODE = YES;
				CLANG_WARN__DUPLICATE_METHOD_MATCH = YES;
				COPY_PHASE_STRIP = NO;
				DEBUG_INFORMATION_FORMAT = dwarf;
				ENABLE_STRICT_OBJC_MSGSEND = YES;
				ENABLE_TESTABILITY = YES;
				ENABLE_USER_SCRIPT_SANDBOXING = YES;
				GCC_C_LANGUAGE_STANDARD = gnu17;
				GCC_DYNAMIC_NO_PIC = NO;
				GCC_NO_COMMON_BLOCKS = YES;
				GCC_OPTIMIZATION_LEVEL = 0;
				GCC_PREPROCESSOR_DEFINITIONS = (
					"DEBUG=1",
					"$(inherited)",
				);
				GCC_WARN_64_TO_32_BIT_CONVERSION = YES;
				GCC_WARN_ABOUT_RETURN_TYPE = YES_ERROR;
				GCC_WARN_UNDECLARED_SELECTOR = YES;
				GCC_WARN_UNINITIALIZED_AUTOS = YES_AGGRESSIVE;
				GCC_WARN_UNUSED_FUNCTION = YES;
				GCC_WARN_UNUSED_VARIABLE = YES;
				IPHONEOS_DEPLOYMENT_TARGET = 17.0;
				LOCALIZATION_PREFERS_STRING_CATALOGS = YES;
				MTL_ENABLE_DEBUG_INFO = INCLUDE_SOURCE;
				MTL_FAST_MATH = YES;
				ONLY_ACTIVE_ARCH = YES;
				SDKROOT = iphoneos;
				SWIFT_ACTIVE_COMPILATION_CONDITIONS = "DEBUG $(inherited)";
				SWIFT_OPTIMIZATION_LEVEL = "-Onone";
			};
			name = Debug;
		};
		634A76AF2AFBAE4200636975 /* Release */ = {
			isa = XCBuildConfiguration;
			buildSettings = {
				ALWAYS_SEARCH_USER_PATHS = NO;
				ASSETCATALOG_COMPILER_GENERATE_SWIFT_ASSET_SYMBOL_EXTENSIONS = YES;
				CLANG_ANALYZER_NONNULL = YES;
				CLANG_ANALYZER_NUMBER_OBJECT_CONVERSION = YES_AGGRESSIVE;
				CLANG_CXX_LANGUAGE_STANDARD = "gnu++20";
				CLANG_ENABLE_MODULES = YES;
				CLANG_ENABLE_OBJC_ARC = YES;
				CLANG_ENABLE_OBJC_WEAK = YES;
				CLANG_WARN_BLOCK_CAPTURE_AUTORELEASING = YES;
				CLANG_WARN_BOOL_CONVERSION = YES;
				CLANG_WARN_COMMA = YES;
				CLANG_WARN_CONSTANT_CONVERSION = YES;
				CLANG_WARN_DEPRECATED_OBJC_IMPLEMENTATIONS = YES;
				CLANG_WARN_DIRECT_OBJC_ISA_USAGE = YES_ERROR;
				CLANG_WARN_DOCUMENTATION_COMMENTS = YES;
				CLANG_WARN_EMPTY_BODY = YES;
				CLANG_WARN_ENUM_CONVERSION = YES;
				CLANG_WARN_INFINITE_RECURSION = YES;
				CLANG_WARN_INT_CONVERSION = YES;
				CLANG_WARN_NON_LITERAL_NULL_CONVERSION = YES;
				CLANG_WARN_OBJC_IMPLICIT_RETAIN_SELF = YES;
				CLANG_WARN_OBJC_LITERAL_CONVERSION = YES;
				CLANG_WARN_OBJC_ROOT_CLASS = YES_ERROR;
				CLANG_WARN_QUOTED_INCLUDE_IN_FRAMEWORK_HEADER = YES;
				CLANG_WARN_RANGE_LOOP_ANALYSIS = YES;
				CLANG_WARN_STRICT_PROTOTYPES = YES;
				CLANG_WARN_SUSPICIOUS_MOVE = YES;
				CLANG_WARN_UNGUARDED_AVAILABILITY = YES_AGGRESSIVE;
				CLANG_WARN_UNREACHABLE_CODE = YES;
				CLANG_WARN__DUPLICATE_METHOD_MATCH = YES;
				COPY_PHASE_STRIP = NO;
				DEBUG_INFORMATION_FORMAT = "dwarf-with-dsym";
				ENABLE_NS_ASSERTIONS = NO;
				ENABLE_STRICT_OBJC_MSGSEND = YES;
				ENABLE_USER_SCRIPT_SANDBOXING = YES;
				GCC_C_LANGUAGE_STANDARD = gnu17;
				GCC_NO_COMMON_BLOCKS = YES;
				GCC_WARN_64_TO_32_BIT_CONVERSION = YES;
				GCC_WARN_ABOUT_RETURN_TYPE = YES_ERROR;
				GCC_WARN_UNDECLARED_SELECTOR = YES;
				GCC_WARN_UNINITIALIZED_AUTOS = YES_AGGRESSIVE;
				GCC_WARN_UNUSED_FUNCTION = YES;
				GCC_WARN_UNUSED_VARIABLE = YES;
				IPHONEOS_DEPLOYMENT_TARGET = 17.0;
				LOCALIZATION_PREFERS_STRING_CATALOGS = YES;
				MTL_ENABLE_DEBUG_INFO = NO;
				MTL_FAST_MATH = YES;
				SDKROOT = iphoneos;
				SWIFT_COMPILATION_MODE = wholemodule;
				VALIDATE_PRODUCT = YES;
			};
			name = Release;
		};
		634A76B12AFBAE4200636975 /* Debug */ = {
			isa = XCBuildConfiguration;
			baseConfigurationReference = CBDE5121B4EECB54EF15112D /* Pods-Delicie.debug.xcconfig */;
			buildSettings = {
				ASSETCATALOG_COMPILER_APPICON_NAME = AppIcon;
				ASSETCATALOG_COMPILER_GLOBAL_ACCENT_COLOR_NAME = AccentColor;
				CODE_SIGN_STYLE = Automatic;
				CURRENT_PROJECT_VERSION = 1;
				DEVELOPMENT_TEAM = B34M97ZY6W;
				ENABLE_USER_SCRIPT_SANDBOXING = NO;
				GENERATE_INFOPLIST_FILE = YES;
				INFOPLIST_FILE = Delicie/Info.plist;
				INFOPLIST_KEY_UIApplicationSupportsIndirectInputEvents = YES;
				INFOPLIST_KEY_UILaunchStoryboardName = LaunchScreen;
				INFOPLIST_KEY_UISupportedInterfaceOrientations = UIInterfaceOrientationPortrait;
				IPHONEOS_DEPLOYMENT_TARGET = 15.0;
				LD_RUNPATH_SEARCH_PATHS = (
					"$(inherited)",
					"@executable_path/Frameworks",
				);
				MARKETING_VERSION = 1.0;
				PRODUCT_BUNDLE_IDENTIFIER = foranewlife.Delicie;
				PRODUCT_NAME = "$(TARGET_NAME)";
				SWIFT_EMIT_LOC_STRINGS = YES;
				SWIFT_VERSION = 5.0;
				TARGETED_DEVICE_FAMILY = "1,2";
			};
			name = Debug;
		};
		634A76B22AFBAE4200636975 /* Release */ = {
			isa = XCBuildConfiguration;
			baseConfigurationReference = EEEAF68A3F4A0FE75432624B /* Pods-Delicie.release.xcconfig */;
			buildSettings = {
				ASSETCATALOG_COMPILER_APPICON_NAME = AppIcon;
				ASSETCATALOG_COMPILER_GLOBAL_ACCENT_COLOR_NAME = AccentColor;
				CODE_SIGN_STYLE = Automatic;
				CURRENT_PROJECT_VERSION = 1;
				DEVELOPMENT_TEAM = B34M97ZY6W;
				ENABLE_USER_SCRIPT_SANDBOXING = NO;
				GENERATE_INFOPLIST_FILE = YES;
				INFOPLIST_FILE = Delicie/Info.plist;
				INFOPLIST_KEY_UIApplicationSupportsIndirectInputEvents = YES;
				INFOPLIST_KEY_UILaunchStoryboardName = LaunchScreen;
				INFOPLIST_KEY_UISupportedInterfaceOrientations = UIInterfaceOrientationPortrait;
				IPHONEOS_DEPLOYMENT_TARGET = 15.0;
				LD_RUNPATH_SEARCH_PATHS = (
					"$(inherited)",
					"@executable_path/Frameworks",
				);
				MARKETING_VERSION = 1.0;
				PRODUCT_BUNDLE_IDENTIFIER = foranewlife.Delicie;
				PRODUCT_NAME = "$(TARGET_NAME)";
				SWIFT_EMIT_LOC_STRINGS = YES;
				SWIFT_VERSION = 5.0;
				TARGETED_DEVICE_FAMILY = "1,2";
			};
			name = Release;
		};
/* End XCBuildConfiguration section */

/* Begin XCConfigurationList section */
		634A76972AFBAE4100636975 /* Build configuration list for PBXProject "Delicie" */ = {
			isa = XCConfigurationList;
			buildConfigurations = (
				634A76AE2AFBAE4200636975 /* Debug */,
				634A76AF2AFBAE4200636975 /* Release */,
			);
			defaultConfigurationIsVisible = 0;
			defaultConfigurationName = Release;
		};
		634A76B02AFBAE4200636975 /* Build configuration list for PBXNativeTarget "Delicie" */ = {
			isa = XCConfigurationList;
			buildConfigurations = (
				634A76B12AFBAE4200636975 /* Debug */,
				634A76B22AFBAE4200636975 /* Release */,
			);
			defaultConfigurationIsVisible = 0;
			defaultConfigurationName = Release;
		};
/* End XCConfigurationList section */
	};
	rootObject = 634A76942AFBAE4100636975 /* Project object */;
}
